
Microsoft Visual Studio Solution File, Format Version 12.00
# Visual Studio Version 17
VisualStudioVersion = 17.8.34525.116
MinimumVisualStudioVersion = 10.0.40219.1
Project("{FAE04EC0-301F-11D3-BF4B-00C04F79EFBC}") = "Question2", "Question2.csproj", "{089F1C8B-5714-4730-87BF-FE7454A0AB52}"
EndProject
Global
	GlobalSection(SolutionConfigurationPlatforms) = preSolution
		Debug|Any CPU = Debug|Any CPU
		Release|Any CPU = Release|Any CPU
	EndGlobalSection
	GlobalSection(ProjectConfigurationPlatforms) = postSolution
		{089F1C8B-5714-4730-87BF-FE7454A0AB52}.Debug|Any CPU.ActiveCfg = Debug|Any CPU
		{089F1C8B-5714-4730-87BF-FE7454A0AB52}.Debug|Any CPU.Build.0 = Debug|Any CPU
		{089F1C8B-5714-4730-87BF-FE7454A0AB52}.Release|Any CPU.ActiveCfg = Release|Any CPU
		{089F1C8B-5714-4730-87BF-FE7454A0AB52}.Release|Any CPU.Build.0 = Release|Any CPU
	EndGlobalSection
	GlobalSection(SolutionProperties) = preSolution
		HideSolutionNode = FALSE
	EndGlobalSection
	GlobalSection(ExtensibilityGlobals) = postSolution
		SolutionGuid = {5D055BA5-B03E-40D2-88D5-9533D54B4913}
	EndGlobalSection
EndGlobal
