
Microsoft Visual Studio Solution File, Format Version 12.00
# Visual Studio Version 17
VisualStudioVersion = 17.8.34525.116
MinimumVisualStudioVersion = 10.0.40219.1
Project("{FAE04EC0-301F-11D3-BF4B-00C04F79EFBC}") = "TUT1_Question4", "TUT1_Question4.csproj", "{7E76E6B7-5DD6-46BF-A88A-8F7410CD1438}"
EndProject
Global
	GlobalSection(SolutionConfigurationPlatforms) = preSolution
		Debug|Any CPU = Debug|Any CPU
		Release|Any CPU = Release|Any CPU
	EndGlobalSection
	GlobalSection(ProjectConfigurationPlatforms) = postSolution
		{7E76E6B7-5DD6-46BF-A88A-8F7410CD1438}.Debug|Any CPU.ActiveCfg = Debug|Any CPU
		{7E76E6B7-5DD6-46BF-A88A-8F7410CD1438}.Debug|Any CPU.Build.0 = Debug|Any CPU
		{7E76E6B7-5DD6-46BF-A88A-8F7410CD1438}.Release|Any CPU.ActiveCfg = Release|Any CPU
		{7E76E6B7-5DD6-46BF-A88A-8F7410CD1438}.Release|Any CPU.Build.0 = Release|Any CPU
	EndGlobalSection
	GlobalSection(SolutionProperties) = preSolution
		HideSolutionNode = FALSE
	EndGlobalSection
	GlobalSection(ExtensibilityGlobals) = postSolution
		SolutionGuid = {73EB2FBB-F0C3-4505-AAF5-24CAE4556D6B}
	EndGlobalSection
EndGlobal
